
Microsoft Visual Studio Solution File, Format Version 12.00
# Visual Studio Version 17
VisualStudioVersion = 17.11.35312.102
MinimumVisualStudioVersion = 10.0.40219.1
Project("{9A19103F-16F7-4668-BE54-9A1E7A4F7556}") = "BLJ-OOP", "BLJ-OOP\BLJ-OOP.csproj", "{064ADB0E-DE94-4EDC-B185-6FB44E78A8D2}"
EndProject
Project("{9A19103F-16F7-4668-BE54-9A1E7A4F7556}") = "Einführung2", "Einführung2\Einführung2.csproj", "{7579595F-CBED-4D44-8A85-E2E05508B9E4}"
EndProject
Project("{FAE04EC0-301F-11D3-BF4B-00C04F79EFBC}") = "WpfApp1", "WpfApp1\WpfApp1.csproj", "{D6F2982F-6F51-4B6B-A8BB-3FDEE69B4F9C}"
EndProject
Project("{FAE04EC0-301F-11D3-BF4B-00C04F79EFBC}") = "WpfAppGrid", "WpfAppGrid\WpfAppGrid.csproj", "{2E4234FF-693C-41AE-B37B-1FC5E82EC736}"
EndProject
Project("{FAE04EC0-301F-11D3-BF4B-00C04F79EFBC}") = "Aufgabe Rechteck", "Aufgabe Rechteck\Aufgabe Rechteck.csproj", "{10310CFE-B631-498B-A720-350C20C0842E}"
EndProject
Project("{FAE04EC0-301F-11D3-BF4B-00C04F79EFBC}") = "WürfelToGo", "WürfelToGo\WürfelToGo.csproj", "{410199BA-DBDC-434F-B0EF-30963C42231C}"
EndProject
Project("{FAE04EC0-301F-11D3-BF4B-00C04F79EFBC}") = "Mondreise2", "Mondreise2\Mondreise2.csproj", "{FD1B049B-5AFF-4D39-A04F-3C4C11792BD0}"
EndProject
Project("{FAE04EC0-301F-11D3-BF4B-00C04F79EFBC}") = "Tannenbaum", "Tannenbaum\Tannenbaum.csproj", "{8BF73A5D-2BF2-4240-BF3D-E70DA8A868A0}"
EndProject
Project("{FAE04EC0-301F-11D3-BF4B-00C04F79EFBC}") = "Auto Simulator", "Auto Simulator\Auto Simulator.csproj", "{4519E283-90E4-4B28-9B7E-DADFE097817E}"
EndProject
Global
	GlobalSection(SolutionConfigurationPlatforms) = preSolution
		Debug|Any CPU = Debug|Any CPU
		Release|Any CPU = Release|Any CPU
	EndGlobalSection
	GlobalSection(ProjectConfigurationPlatforms) = postSolution
		{064ADB0E-DE94-4EDC-B185-6FB44E78A8D2}.Debug|Any CPU.ActiveCfg = Debug|Any CPU
		{064ADB0E-DE94-4EDC-B185-6FB44E78A8D2}.Debug|Any CPU.Build.0 = Debug|Any CPU
		{064ADB0E-DE94-4EDC-B185-6FB44E78A8D2}.Release|Any CPU.ActiveCfg = Release|Any CPU
		{064ADB0E-DE94-4EDC-B185-6FB44E78A8D2}.Release|Any CPU.Build.0 = Release|Any CPU
		{7579595F-CBED-4D44-8A85-E2E05508B9E4}.Debug|Any CPU.ActiveCfg = Debug|Any CPU
		{7579595F-CBED-4D44-8A85-E2E05508B9E4}.Debug|Any CPU.Build.0 = Debug|Any CPU
		{7579595F-CBED-4D44-8A85-E2E05508B9E4}.Release|Any CPU.ActiveCfg = Release|Any CPU
		{7579595F-CBED-4D44-8A85-E2E05508B9E4}.Release|Any CPU.Build.0 = Release|Any CPU
		{D6F2982F-6F51-4B6B-A8BB-3FDEE69B4F9C}.Debug|Any CPU.ActiveCfg = Debug|Any CPU
		{D6F2982F-6F51-4B6B-A8BB-3FDEE69B4F9C}.Debug|Any CPU.Build.0 = Debug|Any CPU
		{D6F2982F-6F51-4B6B-A8BB-3FDEE69B4F9C}.Release|Any CPU.ActiveCfg = Release|Any CPU
		{D6F2982F-6F51-4B6B-A8BB-3FDEE69B4F9C}.Release|Any CPU.Build.0 = Release|Any CPU
		{2E4234FF-693C-41AE-B37B-1FC5E82EC736}.Debug|Any CPU.ActiveCfg = Debug|Any CPU
		{2E4234FF-693C-41AE-B37B-1FC5E82EC736}.Debug|Any CPU.Build.0 = Debug|Any CPU
		{2E4234FF-693C-41AE-B37B-1FC5E82EC736}.Release|Any CPU.ActiveCfg = Release|Any CPU
		{2E4234FF-693C-41AE-B37B-1FC5E82EC736}.Release|Any CPU.Build.0 = Release|Any CPU
		{10310CFE-B631-498B-A720-350C20C0842E}.Debug|Any CPU.ActiveCfg = Debug|Any CPU
		{10310CFE-B631-498B-A720-350C20C0842E}.Debug|Any CPU.Build.0 = Debug|Any CPU
		{10310CFE-B631-498B-A720-350C20C0842E}.Release|Any CPU.ActiveCfg = Release|Any CPU
		{10310CFE-B631-498B-A720-350C20C0842E}.Release|Any CPU.Build.0 = Release|Any CPU
		{410199BA-DBDC-434F-B0EF-30963C42231C}.Debug|Any CPU.ActiveCfg = Debug|Any CPU
		{410199BA-DBDC-434F-B0EF-30963C42231C}.Debug|Any CPU.Build.0 = Debug|Any CPU
		{410199BA-DBDC-434F-B0EF-30963C42231C}.Release|Any CPU.ActiveCfg = Release|Any CPU
		{410199BA-DBDC-434F-B0EF-30963C42231C}.Release|Any CPU.Build.0 = Release|Any CPU
		{FD1B049B-5AFF-4D39-A04F-3C4C11792BD0}.Debug|Any CPU.ActiveCfg = Debug|Any CPU
		{FD1B049B-5AFF-4D39-A04F-3C4C11792BD0}.Debug|Any CPU.Build.0 = Debug|Any CPU
		{FD1B049B-5AFF-4D39-A04F-3C4C11792BD0}.Release|Any CPU.ActiveCfg = Release|Any CPU
		{FD1B049B-5AFF-4D39-A04F-3C4C11792BD0}.Release|Any CPU.Build.0 = Release|Any CPU
		{8BF73A5D-2BF2-4240-BF3D-E70DA8A868A0}.Debug|Any CPU.ActiveCfg = Debug|Any CPU
		{8BF73A5D-2BF2-4240-BF3D-E70DA8A868A0}.Debug|Any CPU.Build.0 = Debug|Any CPU
		{8BF73A5D-2BF2-4240-BF3D-E70DA8A868A0}.Release|Any CPU.ActiveCfg = Release|Any CPU
		{8BF73A5D-2BF2-4240-BF3D-E70DA8A868A0}.Release|Any CPU.Build.0 = Release|Any CPU
		{4519E283-90E4-4B28-9B7E-DADFE097817E}.Debug|Any CPU.ActiveCfg = Debug|Any CPU
		{4519E283-90E4-4B28-9B7E-DADFE097817E}.Debug|Any CPU.Build.0 = Debug|Any CPU
		{4519E283-90E4-4B28-9B7E-DADFE097817E}.Release|Any CPU.ActiveCfg = Release|Any CPU
		{4519E283-90E4-4B28-9B7E-DADFE097817E}.Release|Any CPU.Build.0 = Release|Any CPU
	EndGlobalSection
	GlobalSection(SolutionProperties) = preSolution
		HideSolutionNode = FALSE
	EndGlobalSection
	GlobalSection(ExtensibilityGlobals) = postSolution
		SolutionGuid = {FE69E434-05BC-4F39-BD70-7FEF37E48CD4}
	EndGlobalSection
EndGlobal
